
Microsoft Visual Studio Solution File, Format Version 12.00
# Visual Studio Version 17
VisualStudioVersion = 17.8.34322.80
MinimumVisualStudioVersion = 10.0.40219.1
Project("{8BC9CEB8-8B4A-11D0-8D11-00A0C91BC942}") = "FastArithmetic", "FastArithmetic.vcxproj", "{E7A44BC6-A63B-4C2A-9B46-55362F44209D}"
EndProject
Global
	GlobalSection(SolutionConfigurationPlatforms) = preSolution
		Debug|x64 = Debug|x64
		Debug|x86 = Debug|x86
		Release|x64 = Release|x64
		Release|x86 = Release|x86
	EndGlobalSection
	GlobalSection(ProjectConfigurationPlatforms) = postSolution
		{E7A44BC6-A63B-4C2A-9B46-55362F44209D}.Debug|x64.ActiveCfg = Debug|x64
		{E7A44BC6-A63B-4C2A-9B46-55362F44209D}.Debug|x64.Build.0 = Debug|x64
		{E7A44BC6-A63B-4C2A-9B46-55362F44209D}.Debug|x86.ActiveCfg = Debug|Win32
		{E7A44BC6-A63B-4C2A-9B46-55362F44209D}.Debug|x86.Build.0 = Debug|Win32
		{E7A44BC6-A63B-4C2A-9B46-55362F44209D}.Release|x64.ActiveCfg = Release|x64
		{E7A44BC6-A63B-4C2A-9B46-55362F44209D}.Release|x64.Build.0 = Release|x64
		{E7A44BC6-A63B-4C2A-9B46-55362F44209D}.Release|x86.ActiveCfg = Release|Win32
		{E7A44BC6-A63B-4C2A-9B46-55362F44209D}.Release|x86.Build.0 = Release|Win32
	EndGlobalSection
	GlobalSection(SolutionProperties) = preSolution
		HideSolutionNode = FALSE
	EndGlobalSection
	GlobalSection(ExtensibilityGlobals) = postSolution
		SolutionGuid = {C861638A-5E36-4012-B9C1-C10ED4B027BA}
	EndGlobalSection
EndGlobal
